
Microsoft Visual Studio Solution File, Format Version 12.00
# Visual Studio Version 16
VisualStudioVersion = 16.0.31205.134
MinimumVisualStudioVersion = 10.0.40219.1
Project("{FAE04EC0-301F-11D3-BF4B-00C04F79EFBC}") = "Course Work Advertising order WinForm Csharp", "Course Work Advertising order WinForm Csharp\Course Work Advertising order WinForm Csharp.csproj", "{0C0B9B9B-AF08-4DED-B8CA-9C27B3DC242B}"
EndProject
Global
	GlobalSection(SolutionConfigurationPlatforms) = preSolution
		Debug|Any CPU = Debug|Any CPU
		Release|Any CPU = Release|Any CPU
	EndGlobalSection
	GlobalSection(ProjectConfigurationPlatforms) = postSolution
		{0C0B9B9B-AF08-4DED-B8CA-9C27B3DC242B}.Debug|Any CPU.ActiveCfg = Debug|Any CPU
		{0C0B9B9B-AF08-4DED-B8CA-9C27B3DC242B}.Debug|Any CPU.Build.0 = Debug|Any CPU
		{0C0B9B9B-AF08-4DED-B8CA-9C27B3DC242B}.Release|Any CPU.ActiveCfg = Release|Any CPU
		{0C0B9B9B-AF08-4DED-B8CA-9C27B3DC242B}.Release|Any CPU.Build.0 = Release|Any CPU
	EndGlobalSection
	GlobalSection(SolutionProperties) = preSolution
		HideSolutionNode = FALSE
	EndGlobalSection
	GlobalSection(ExtensibilityGlobals) = postSolution
		SolutionGuid = {520F1908-8152-4D9F-A47F-D43348DC7A19}
	EndGlobalSection
EndGlobal
